// !$*UTF8*$!
{
	archiveVersion = 1;
	classes = {
	};
	objectVersion = 46;
	objects = {

/* Begin PBXGroup section */
		E42689FD1A87D45B003A94E5 = {
			isa = PBXGroup;
			children = (
			);
			sourceTree = "<group>";
		};
/* End PBXGroup section */

/* Begin PBXProject section */
		E42689FE1A87D45B003A94E5 /* Project object */ = {
			isa = PBXProject;
			attributes = {
				LastUpgradeCheck = 0620;
			};
			buildConfigurationList = E4268A011A87D45B003A94E5 /* Build configuration list for PBXProject "Swift-compiler-crash-closure-param" */;
			compatibilityVersion = "Xcode 3.2";
			developmentRegion = English;
			hasScannedForEncodings = 0;
			knownRegions = (
				en,
			);
			mainGroup = E42689FD1A87D45B003A94E5;
			projectDirPath = "";
			projectRoot = "";
			targets = (
			);
		};
/* End PBXProject section */

/* Begin XCBuildConfiguration section */
		E4268A021A87D45B003A94E5 /* Debug */ = {
			isa = XCBuildConfiguration;
			buildSettings = {
			};
			name = Debug;
		};
		E4268A031A87D45B003A94E5 /* Release */ = {
			isa = XCBuildConfiguration;
			buildSettings = {
			};
			name = Release;
		};
/* End XCBuildConfiguration section */

/* Begin XCConfigurationList section */
		E4268A011A87D45B003A94E5 /* Build configuration list for PBXProject "Swift-compiler-crash-closure-param" */ = {
			isa = XCConfigurationList;
			buildConfigurations = (
				E4268A021A87D45B003A94E5 /* Debug */,
				E4268A031A87D45B003A94E5 /* Release */,
			);
			defaultConfigurationIsVisible = 0;
			defaultConfigurationName = Release;
		};
/* End XCConfigurationList section */
	};
	rootObject = E42689FE1A87D45B003A94E5 /* Project object */;
}
